
Microsoft Visual Studio Solution File, Format Version 12.00
# Visual Studio Version 16
VisualStudioVersion = 16.0.31702.278
MinimumVisualStudioVersion = 10.0.40219.1
Project("{FAE04EC0-301F-11D3-BF4B-00C04F79EFBC}") = "1055D_NEAGU_CHRIS-MARIOS", "1055D_NEAGU_CHRIS-MARIOS\1055D_NEAGU_CHRIS-MARIOS.csproj", "{137D236B-E877-4AF0-80F0-19C1FA217A03}"
EndProject
Global
	GlobalSection(SolutionConfigurationPlatforms) = preSolution
		Debug|Any CPU = Debug|Any CPU
		Release|Any CPU = Release|Any CPU
	EndGlobalSection
	GlobalSection(ProjectConfigurationPlatforms) = postSolution
		{137D236B-E877-4AF0-80F0-19C1FA217A03}.Debug|Any CPU.ActiveCfg = Debug|Any CPU
		{137D236B-E877-4AF0-80F0-19C1FA217A03}.Debug|Any CPU.Build.0 = Debug|Any CPU
		{137D236B-E877-4AF0-80F0-19C1FA217A03}.Release|Any CPU.ActiveCfg = Release|Any CPU
		{137D236B-E877-4AF0-80F0-19C1FA217A03}.Release|Any CPU.Build.0 = Release|Any CPU
	EndGlobalSection
	GlobalSection(SolutionProperties) = preSolution
		HideSolutionNode = FALSE
	EndGlobalSection
	GlobalSection(ExtensibilityGlobals) = postSolution
		SolutionGuid = {6C478910-D63F-4591-8AC2-E702F18B7F09}
	EndGlobalSection
EndGlobal
